// !$*UTF8*$!
{
	archiveVersion = 1;
	classes = {
	};
	objectVersion = 60;
	objects = {

/* Begin PBXBuildFile section */
		B70B52AD2AF822FF00A1E6CD /* ForceSimulation in Frameworks */ = {isa = PBXBuildFile; productRef = B70B52AC2AF822FF00A1E6CD /* ForceSimulation */; };
		B70B52AF2AF822FF00A1E6CD /* Grape in Frameworks */ = {isa = PBXBuildFile; productRef = B70B52AE2AF822FF00A1E6CD /* Grape */; };
		B71759592AFBFC4B000DF006 /* Miserables.swift in Sources */ = {isa = PBXBuildFile; fileRef = B71759582AFBFC4B000DF006 /* Miserables.swift */; };
		B717595B2AFBFDBD000DF006 /* Lattice.swift in Sources */ = {isa = PBXBuildFile; fileRef = B717595A2AFBFDBD000DF006 /* Lattice.swift */; };
		B762092F2B49FCD000476B93 /* MermaidVisualization.swift in Sources */ = {isa = PBXBuildFile; fileRef = B762092E2B49FCD000476B93 /* MermaidVisualization.swift */; };
		B780DD7A2AF84ECB001C605F /* MyRing.swift in Sources */ = {isa = PBXBuildFile; fileRef = B780DD792AF84ECB001C605F /* MyRing.swift */; };
		B7AFA55B2ADF4997009C7154 /* ForceDirectedGraphExampleApp.swift in Sources */ = {isa = PBXBuildFile; fileRef = B7AFA55A2ADF4997009C7154 /* ForceDirectedGraphExampleApp.swift */; };
		B7AFA55D2ADF4997009C7154 /* ContentView.swift in Sources */ = {isa = PBXBuildFile; fileRef = B7AFA55C2ADF4997009C7154 /* ContentView.swift */; };
		B7AFA55F2ADF4999009C7154 /* Assets.xcassets in Resources */ = {isa = PBXBuildFile; fileRef = B7AFA55E2ADF4999009C7154 /* Assets.xcassets */; };
		B7AFA5622ADF4999009C7154 /* Preview Assets.xcassets in Resources */ = {isa = PBXBuildFile; fileRef = B7AFA5612ADF4999009C7154 /* Preview Assets.xcassets */; };
		B7AFA56B2ADF49AA009C7154 /* ForceSimulation in Frameworks */ = {isa = PBXBuildFile; productRef = B7AFA56A2ADF49AA009C7154 /* ForceSimulation */; };
		B7AFA56F2ADF49D6009C7154 /* Data.swift in Sources */ = {isa = PBXBuildFile; fileRef = B7AFA56E2ADF49D6009C7154 /* Data.swift */; };
/* End PBXBuildFile section */

/* Begin PBXFileReference section */
		B71759582AFBFC4B000DF006 /* Miserables.swift */ = {isa = PBXFileReference; lastKnownFileType = sourcecode.swift; path = Miserables.swift; sourceTree = "<group>"; };
		B717595A2AFBFDBD000DF006 /* Lattice.swift */ = {isa = PBXFileReference; lastKnownFileType = sourcecode.swift; path = Lattice.swift; sourceTree = "<group>"; };
		B762092E2B49FCD000476B93 /* MermaidVisualization.swift */ = {isa = PBXFileReference; lastKnownFileType = sourcecode.swift; path = MermaidVisualization.swift; sourceTree = "<group>"; };
		B780DD792AF84ECB001C605F /* MyRing.swift */ = {isa = PBXFileReference; fileEncoding = 4; lastKnownFileType = sourcecode.swift; path = MyRing.swift; sourceTree = "<group>"; };
		B7AFA5572ADF4997009C7154 /* ForceDirectedGraphExample.app */ = {isa = PBXFileReference; explicitFileType = wrapper.application; includeInIndex = 0; path = ForceDirectedGraphExample.app; sourceTree = BUILT_PRODUCTS_DIR; };
		B7AFA55A2ADF4997009C7154 /* ForceDirectedGraphExampleApp.swift */ = {isa = PBXFileReference; lastKnownFileType = sourcecode.swift; path = ForceDirectedGraphExampleApp.swift; sourceTree = "<group>"; };
		B7AFA55C2ADF4997009C7154 /* ContentView.swift */ = {isa = PBXFileReference; lastKnownFileType = sourcecode.swift; path = ContentView.swift; sourceTree = "<group>"; };
		B7AFA55E2ADF4999009C7154 /* Assets.xcassets */ = {isa = PBXFileReference; lastKnownFileType = folder.assetcatalog; path = Assets.xcassets; sourceTree = "<group>"; };
		B7AFA5612ADF4999009C7154 /* Preview Assets.xcassets */ = {isa = PBXFileReference; lastKnownFileType = folder.assetcatalog; path = "Preview Assets.xcassets"; sourceTree = "<group>"; };
		B7AFA5632ADF4999009C7154 /* ForceDirectedGraphExample.entitlements */ = {isa = PBXFileReference; lastKnownFileType = text.plist.entitlements; path = ForceDirectedGraphExample.entitlements; sourceTree = "<group>"; };
		B7AFA56E2ADF49D6009C7154 /* Data.swift */ = {isa = PBXFileReference; lastKnownFileType = sourcecode.swift; path = Data.swift; sourceTree = "<group>"; };
/* End PBXFileReference section */

/* Begin PBXFrameworksBuildPhase section */
		B7AFA5542ADF4997009C7154 /* Frameworks */ = {
			isa = PBXFrameworksBuildPhase;
			buildActionMask = 2147483647;
			files = (
				B70B52AF2AF822FF00A1E6CD /* Grape in Frameworks */,
				B7AFA56B2ADF49AA009C7154 /* ForceSimulation in Frameworks */,
				B70B52AD2AF822FF00A1E6CD /* ForceSimulation in Frameworks */,
			);
			runOnlyForDeploymentPostprocessing = 0;
		};
/* End PBXFrameworksBuildPhase section */

/* Begin PBXGroup section */
		B7AFA54E2ADF4997009C7154 = {
			isa = PBXGroup;
			children = (
				B7AFA5592ADF4997009C7154 /* ForceDirectedGraphExample */,
				B7AFA5582ADF4997009C7154 /* Products */,
			);
			sourceTree = "<group>";
		};
		B7AFA5582ADF4997009C7154 /* Products */ = {
			isa = PBXGroup;
			children = (
				B7AFA5572ADF4997009C7154 /* ForceDirectedGraphExample.app */,
			);
			name = Products;
			sourceTree = "<group>";
		};
		B7AFA5592ADF4997009C7154 /* ForceDirectedGraphExample */ = {
			isa = PBXGroup;
			children = (
				B780DD792AF84ECB001C605F /* MyRing.swift */,
				B7AFA55A2ADF4997009C7154 /* ForceDirectedGraphExampleApp.swift */,
				B7AFA55C2ADF4997009C7154 /* ContentView.swift */,
				B7AFA55E2ADF4999009C7154 /* Assets.xcassets */,
				B7AFA5632ADF4999009C7154 /* ForceDirectedGraphExample.entitlements */,
				B7AFA5602ADF4999009C7154 /* Preview Content */,
				B7AFA56E2ADF49D6009C7154 /* Data.swift */,
				B71759582AFBFC4B000DF006 /* Miserables.swift */,
				B717595A2AFBFDBD000DF006 /* Lattice.swift */,
				B762092E2B49FCD000476B93 /* MermaidVisualization.swift */,
			);
			path = ForceDirectedGraphExample;
			sourceTree = "<group>";
		};
		B7AFA5602ADF4999009C7154 /* Preview Content */ = {
			isa = PBXGroup;
			children = (
				B7AFA5612ADF4999009C7154 /* Preview Assets.xcassets */,
			);
			path = "Preview Content";
			sourceTree = "<group>";
		};
/* End PBXGroup section */

/* Begin PBXNativeTarget section */
		B7AFA5562ADF4997009C7154 /* ForceDirectedGraphExample */ = {
			isa = PBXNativeTarget;
			buildConfigurationList = B7AFA5662ADF4999009C7154 /* Build configuration list for PBXNativeTarget "ForceDirectedGraphExample" */;
			buildPhases = (
				B7AFA5532ADF4997009C7154 /* Sources */,
				B7AFA5542ADF4997009C7154 /* Frameworks */,
				B7AFA5552ADF4997009C7154 /* Resources */,
			);
			buildRules = (
			);
			dependencies = (
			);
			name = ForceDirectedGraphExample;
			packageProductDependencies = (
				B7AFA56A2ADF49AA009C7154 /* ForceSimulation */,
				B70B52AC2AF822FF00A1E6CD /* ForceSimulation */,
				B70B52AE2AF822FF00A1E6CD /* Grape */,
			);
			productName = ForceDirectedGraphExample;
			productReference = B7AFA5572ADF4997009C7154 /* ForceDirectedGraphExample.app */;
			productType = "com.apple.product-type.application";
		};
/* End PBXNativeTarget section */

/* Begin PBXProject section */
		B7AFA54F2ADF4997009C7154 /* Project object */ = {
			isa = PBXProject;
			attributes = {
				BuildIndependentTargetsInParallel = 1;
				LastSwiftUpdateCheck = 1500;
				LastUpgradeCheck = 1500;
				TargetAttributes = {
					B7AFA5562ADF4997009C7154 = {
						CreatedOnToolsVersion = 15.0;
					};
				};
			};
			buildConfigurationList = B7AFA5522ADF4997009C7154 /* Build configuration list for PBXProject "ForceDirectedGraphExample" */;
			compatibilityVersion = "Xcode 14.0";
			developmentRegion = en;
			hasScannedForEncodings = 0;
			knownRegions = (
				en,
				Base,
			);
			mainGroup = B7AFA54E2ADF4997009C7154;
			packageReferences = (
				B7AFA5692ADF49AA009C7154 /* XCLocalSwiftPackageReference "../.." */,
			);
			productRefGroup = B7AFA5582ADF4997009C7154 /* Products */;
			projectDirPath = "";
			projectRoot = "";
			targets = (
				B7AFA5562ADF4997009C7154 /* ForceDirectedGraphExample */,
			);
		};
/* End PBXProject section */

/* Begin PBXResourcesBuildPhase section */
		B7AFA5552ADF4997009C7154 /* Resources */ = {
			isa = PBXResourcesBuildPhase;
			buildActionMask = 2147483647;
			files = (
				B7AFA5622ADF4999009C7154 /* Preview Assets.xcassets in Resources */,
				B7AFA55F2ADF4999009C7154 /* Assets.xcassets in Resources */,
			);
			runOnlyForDeploymentPostprocessing = 0;
		};
/* End PBXResourcesBuildPhase section */

/* Begin PBXSourcesBuildPhase section */
		B7AFA5532ADF4997009C7154 /* Sources */ = {
			isa = PBXSourcesBuildPhase;
			buildActionMask = 2147483647;
			files = (
				B717595B2AFBFDBD000DF006 /* Lattice.swift in Sources */,
				B780DD7A2AF84ECB001C605F /* MyRing.swift in Sources */,
				B7AFA55D2ADF4997009C7154 /* ContentView.swift in Sources */,
				B7AFA56F2ADF49D6009C7154 /* Data.swift in Sources */,
				B762092F2B49FCD000476B93 /* MermaidVisualization.swift in Sources */,
				B71759592AFBFC4B000DF006 /* Miserables.swift in Sources */,
				B7AFA55B2ADF4997009C7154 /* ForceDirectedGraphExampleApp.swift in Sources */,
			);
			runOnlyForDeploymentPostprocessing = 0;
		};
/* End PBXSourcesBuildPhase section */

/* Begin XCBuildConfiguration section */
		B7AFA5642ADF4999009C7154 /* Debug */ = {
			isa = XCBuildConfiguration;
			buildSettings = {
				ALWAYS_SEARCH_USER_PATHS = NO;
				ASSETCATALOG_COMPILER_GENERATE_SWIFT_ASSET_SYMBOL_EXTENSIONS = YES;
				CLANG_ANALYZER_NONNULL = YES;
				CLANG_ANALYZER_NUMBER_OBJECT_CONVERSION = YES_AGGRESSIVE;
				CLANG_CXX_LANGUAGE_STANDARD = "gnu++20";
				CLANG_ENABLE_MODULES = YES;
				CLANG_ENABLE_OBJC_ARC = YES;
				CLANG_ENABLE_OBJC_WEAK = YES;
				CLANG_WARN_BLOCK_CAPTURE_AUTORELEASING = YES;
				CLANG_WARN_BOOL_CONVERSION = YES;
				CLANG_WARN_COMMA = YES;
				CLANG_WARN_CONSTANT_CONVERSION = YES;
				CLANG_WARN_DEPRECATED_OBJC_IMPLEMENTATIONS = YES;
				CLANG_WARN_DIRECT_OBJC_ISA_USAGE = YES_ERROR;
				CLANG_WARN_DOCUMENTATION_COMMENTS = YES;
				CLANG_WARN_EMPTY_BODY = YES;
				CLANG_WARN_ENUM_CONVERSION = YES;
				CLANG_WARN_INFINITE_RECURSION = YES;
				CLANG_WARN_INT_CONVERSION = YES;
				CLANG_WARN_NON_LITERAL_NULL_CONVERSION = YES;
				CLANG_WARN_OBJC_IMPLICIT_RETAIN_SELF = YES;
				CLANG_WARN_OBJC_LITERAL_CONVERSION = YES;
				CLANG_WARN_OBJC_ROOT_CLASS = YES_ERROR;
				CLANG_WARN_QUOTED_INCLUDE_IN_FRAMEWORK_HEADER = YES;
				CLANG_WARN_RANGE_LOOP_ANALYSIS = YES;
				CLANG_WARN_STRICT_PROTOTYPES = YES;
				CLANG_WARN_SUSPICIOUS_MOVE = YES;
				CLANG_WARN_UNGUARDED_AVAILABILITY = YES_AGGRESSIVE;
				CLANG_WARN_UNREACHABLE_CODE = YES;
				CLANG_WARN__DUPLICATE_METHOD_MATCH = YES;
				COPY_PHASE_STRIP = NO;
				DEBUG_INFORMATION_FORMAT = dwarf;
				ENABLE_STRICT_OBJC_MSGSEND = YES;
				ENABLE_TESTABILITY = YES;
				ENABLE_USER_SCRIPT_SANDBOXING = YES;
				GCC_C_LANGUAGE_STANDARD = gnu17;
				GCC_DYNAMIC_NO_PIC = NO;
				GCC_NO_COMMON_BLOCKS = YES;
				GCC_OPTIMIZATION_LEVEL = 0;
				GCC_PREPROCESSOR_DEFINITIONS = (
					"DEBUG=1",
					"$(inherited)",
				);
				GCC_WARN_64_TO_32_BIT_CONVERSION = YES;
				GCC_WARN_ABOUT_RETURN_TYPE = YES_ERROR;
				GCC_WARN_UNDECLARED_SELECTOR = YES;
				GCC_WARN_UNINITIALIZED_AUTOS = YES_AGGRESSIVE;
				GCC_WARN_UNUSED_FUNCTION = YES;
				GCC_WARN_UNUSED_VARIABLE = YES;
				LOCALIZATION_PREFERS_STRING_CATALOGS = YES;
				MACOSX_DEPLOYMENT_TARGET = 14.0;
				MTL_ENABLE_DEBUG_INFO = INCLUDE_SOURCE;
				MTL_FAST_MATH = YES;
				ONLY_ACTIVE_ARCH = YES;
				SDKROOT = macosx;
				SWIFT_ACTIVE_COMPILATION_CONDITIONS = "DEBUG $(inherited)";
				SWIFT_OPTIMIZATION_LEVEL = "-Onone";
			};
			name = Debug;
		};
		B7AFA5652ADF4999009C7154 /* Release */ = {
			isa = XCBuildConfiguration;
			buildSettings = {
				ALWAYS_SEARCH_USER_PATHS = NO;
				ASSETCATALOG_COMPILER_GENERATE_SWIFT_ASSET_SYMBOL_EXTENSIONS = YES;
				CLANG_ANALYZER_NONNULL = YES;
				CLANG_ANALYZER_NUMBER_OBJECT_CONVERSION = YES_AGGRESSIVE;
				CLANG_CXX_LANGUAGE_STANDARD = "gnu++20";
				CLANG_ENABLE_MODULES = YES;
				CLANG_ENABLE_OBJC_ARC = YES;
				CLANG_ENABLE_OBJC_WEAK = YES;
				CLANG_WARN_BLOCK_CAPTURE_AUTORELEASING = YES;
				CLANG_WARN_BOOL_CONVERSION = YES;
				CLANG_WARN_COMMA = YES;
				CLANG_WARN_CONSTANT_CONVERSION = YES;
				CLANG_WARN_DEPRECATED_OBJC_IMPLEMENTATIONS = YES;
				CLANG_WARN_DIRECT_OBJC_ISA_USAGE = YES_ERROR;
				CLANG_WARN_DOCUMENTATION_COMMENTS = YES;
				CLANG_WARN_EMPTY_BODY = YES;
				CLANG_WARN_ENUM_CONVERSION = YES;
				CLANG_WARN_INFINITE_RECURSION = YES;
				CLANG_WARN_INT_CONVERSION = YES;
				CLANG_WARN_NON_LITERAL_NULL_CONVERSION = YES;
				CLANG_WARN_OBJC_IMPLICIT_RETAIN_SELF = YES;
				CLANG_WARN_OBJC_LITERAL_CONVERSION = YES;
				CLANG_WARN_OBJC_ROOT_CLASS = YES_ERROR;
				CLANG_WARN_QUOTED_INCLUDE_IN_FRAMEWORK_HEADER = YES;
				CLANG_WARN_RANGE_LOOP_ANALYSIS = YES;
				CLANG_WARN_STRICT_PROTOTYPES = YES;
				CLANG_WARN_SUSPICIOUS_MOVE = YES;
				CLANG_WARN_UNGUARDED_AVAILABILITY = YES_AGGRESSIVE;
				CLANG_WARN_UNREACHABLE_CODE = YES;
				CLANG_WARN__DUPLICATE_METHOD_MATCH = YES;
				COPY_PHASE_STRIP = NO;
				DEBUG_INFORMATION_FORMAT = "dwarf-with-dsym";
				ENABLE_NS_ASSERTIONS = NO;
				ENABLE_STRICT_OBJC_MSGSEND = YES;
				ENABLE_USER_SCRIPT_SANDBOXING = YES;
				GCC_C_LANGUAGE_STANDARD = gnu17;
				GCC_NO_COMMON_BLOCKS = YES;
				GCC_WARN_64_TO_32_BIT_CONVERSION = YES;
				GCC_WARN_ABOUT_RETURN_TYPE = YES_ERROR;
				GCC_WARN_UNDECLARED_SELECTOR = YES;
				GCC_WARN_UNINITIALIZED_AUTOS = YES_AGGRESSIVE;
				GCC_WARN_UNUSED_FUNCTION = YES;
				GCC_WARN_UNUSED_VARIABLE = YES;
				LOCALIZATION_PREFERS_STRING_CATALOGS = YES;
				MACOSX_DEPLOYMENT_TARGET = 14.0;
				MTL_ENABLE_DEBUG_INFO = NO;
				MTL_FAST_MATH = YES;
				SDKROOT = macosx;
				SWIFT_COMPILATION_MODE = wholemodule;
			};
			name = Release;
		};
		B7AFA5672ADF4999009C7154 /* Debug */ = {
			isa = XCBuildConfiguration;
			buildSettings = {
				ASSETCATALOG_COMPILER_APPICON_NAME = AppIcon;
				ASSETCATALOG_COMPILER_GLOBAL_ACCENT_COLOR_NAME = AccentColor;
				CODE_SIGN_ENTITLEMENTS = ForceDirectedGraphExample/ForceDirectedGraphExample.entitlements;
				CODE_SIGN_STYLE = Automatic;
				COMBINE_HIDPI_IMAGES = YES;
				CURRENT_PROJECT_VERSION = 1;
				DEAD_CODE_STRIPPING = YES;
				DEVELOPMENT_ASSET_PATHS = "\"ForceDirectedGraphExample/Preview Content\"";
				ENABLE_PREVIEWS = YES;
				GENERATE_INFOPLIST_FILE = YES;
				INFOPLIST_KEY_NSHumanReadableCopyright = "";
				LD_RUNPATH_SEARCH_PATHS = (
					"$(inherited)",
					"@executable_path/../Frameworks",
				);
				MARKETING_VERSION = 1.0;
				PRODUCT_BUNDLE_IDENTIFIER = me.lizhen.ForceDirectedGraphExample;
				PRODUCT_NAME = "$(TARGET_NAME)";
				SWIFT_ACTIVE_COMPILATION_CONDITIONS = "$(inherited)";
				SWIFT_EMIT_LOC_STRINGS = YES;
				SWIFT_OPTIMIZATION_LEVEL = "-O";
				SWIFT_VERSION = 5.0;
			};
			name = Debug;
		};
		B7AFA5682ADF4999009C7154 /* Release */ = {
			isa = XCBuildConfiguration;
			buildSettings = {
				ASSETCATALOG_COMPILER_APPICON_NAME = AppIcon;
				ASSETCATALOG_COMPILER_GLOBAL_ACCENT_COLOR_NAME = AccentColor;
				CODE_SIGN_ENTITLEMENTS = ForceDirectedGraphExample/ForceDirectedGraphExample.entitlements;
				CODE_SIGN_STYLE = Automatic;
				COMBINE_HIDPI_IMAGES = YES;
				CURRENT_PROJECT_VERSION = 1;
				DEAD_CODE_STRIPPING = YES;
				DEVELOPMENT_ASSET_PATHS = "\"ForceDirectedGraphExample/Preview Content\"";
				ENABLE_PREVIEWS = YES;
				GENERATE_INFOPLIST_FILE = YES;
				INFOPLIST_KEY_NSHumanReadableCopyright = "";
				LD_RUNPATH_SEARCH_PATHS = (
					"$(inherited)",
					"@executable_path/../Frameworks",
				);
				MARKETING_VERSION = 1.0;
				PRODUCT_BUNDLE_IDENTIFIER = me.lizhen.ForceDirectedGraphExample;
				PRODUCT_NAME = "$(TARGET_NAME)";
				SWIFT_EMIT_LOC_STRINGS = YES;
				SWIFT_VERSION = 5.0;
			};
			name = Release;
		};
/* End XCBuildConfiguration section */

/* Begin XCConfigurationList section */
		B7AFA5522ADF4997009C7154 /* Build configuration list for PBXProject "ForceDirectedGraphExample" */ = {
			isa = XCConfigurationList;
			buildConfigurations = (
				B7AFA5642ADF4999009C7154 /* Debug */,
				B7AFA5652ADF4999009C7154 /* Release */,
			);
			defaultConfigurationIsVisible = 0;
			defaultConfigurationName = Release;
		};
		B7AFA5662ADF4999009C7154 /* Build configuration list for PBXNativeTarget "ForceDirectedGraphExample" */ = {
			isa = XCConfigurationList;
			buildConfigurations = (
				B7AFA5672ADF4999009C7154 /* Debug */,
				B7AFA5682ADF4999009C7154 /* Release */,
			);
			defaultConfigurationIsVisible = 0;
			defaultConfigurationName = Release;
		};
/* End XCConfigurationList section */

/* Begin XCLocalSwiftPackageReference section */
		B7AFA5692ADF49AA009C7154 /* XCLocalSwiftPackageReference "../.." */ = {
			isa = XCLocalSwiftPackageReference;
			relativePath = ../..;
		};
/* End XCLocalSwiftPackageReference section */

/* Begin XCSwiftPackageProductDependency section */
		B70B52AC2AF822FF00A1E6CD /* ForceSimulation */ = {
			isa = XCSwiftPackageProductDependency;
			productName = ForceSimulation;
		};
		B70B52AE2AF822FF00A1E6CD /* Grape */ = {
			isa = XCSwiftPackageProductDependency;
			productName = Grape;
		};
		B7AFA56A2ADF49AA009C7154 /* ForceSimulation */ = {
			isa = XCSwiftPackageProductDependency;
			productName = ForceSimulation;
		};
/* End XCSwiftPackageProductDependency section */
	};
	rootObject = B7AFA54F2ADF4997009C7154 /* Project object */;
}
