// !$*UTF8*$!
{
	archiveVersion = 1;
	classes = {
	};
	objectVersion = 56;
	objects = {

/* Begin PBXBuildFile section */
		B7579FB22AE0D7E8005EE7E8 /* RealityKitContent in Frameworks */ = {isa = PBXBuildFile; productRef = B7579FB12AE0D7E8005EE7E8 /* RealityKitContent */; };
		B7579FB42AE0D7E8005EE7E8 /* ForceDirectedGraph3DApp.swift in Sources */ = {isa = PBXBuildFile; fileRef = B7579FB32AE0D7E8005EE7E8 /* ForceDirectedGraph3DApp.swift */; };
		B7579FB62AE0D7E8005EE7E8 /* ContentView.swift in Sources */ = {isa = PBXBuildFile; fileRef = B7579FB52AE0D7E8005EE7E8 /* ContentView.swift */; };
		B7579FB82AE0D7EB005EE7E8 /* Assets.xcassets in Resources */ = {isa = PBXBuildFile; fileRef = B7579FB72AE0D7EB005EE7E8 /* Assets.xcassets */; };
		B7579FBB2AE0D7EB005EE7E8 /* Preview Assets.xcassets in Resources */ = {isa = PBXBuildFile; fileRef = B7579FBA2AE0D7EB005EE7E8 /* Preview Assets.xcassets */; };
/* End PBXBuildFile section */

/* Begin PBXFileReference section */
		B7579FAC2AE0D7E8005EE7E8 /* ForceDirectedGraph3D.app */ = {isa = PBXFileReference; explicitFileType = wrapper.application; includeInIndex = 0; path = ForceDirectedGraph3D.app; sourceTree = BUILT_PRODUCTS_DIR; };
		B7579FB02AE0D7E8005EE7E8 /* RealityKitContent */ = {isa = PBXFileReference; lastKnownFileType = wrapper; path = RealityKitContent; sourceTree = "<group>"; };
		B7579FB32AE0D7E8005EE7E8 /* ForceDirectedGraph3DApp.swift */ = {isa = PBXFileReference; lastKnownFileType = sourcecode.swift; path = ForceDirectedGraph3DApp.swift; sourceTree = "<group>"; };
		B7579FB52AE0D7E8005EE7E8 /* ContentView.swift */ = {isa = PBXFileReference; lastKnownFileType = sourcecode.swift; path = ContentView.swift; sourceTree = "<group>"; };
		B7579FB72AE0D7EB005EE7E8 /* Assets.xcassets */ = {isa = PBXFileReference; lastKnownFileType = folder.assetcatalog; path = Assets.xcassets; sourceTree = "<group>"; };
		B7579FBA2AE0D7EB005EE7E8 /* Preview Assets.xcassets */ = {isa = PBXFileReference; lastKnownFileType = folder.assetcatalog; path = "Preview Assets.xcassets"; sourceTree = "<group>"; };
/* End PBXFileReference section */

/* Begin PBXFrameworksBuildPhase section */
		B7579FA92AE0D7E8005EE7E8 /* Frameworks */ = {
			isa = PBXFrameworksBuildPhase;
			buildActionMask = 2147483647;
			files = (
				B7579FB22AE0D7E8005EE7E8 /* RealityKitContent in Frameworks */,
			);
			runOnlyForDeploymentPostprocessing = 0;
		};
/* End PBXFrameworksBuildPhase section */

/* Begin PBXGroup section */
		B7579FA32AE0D7E8005EE7E8 = {
			isa = PBXGroup;
			children = (
				B7579FAE2AE0D7E8005EE7E8 /* ForceDirectedGraph3D */,
				B7579FAF2AE0D7E8005EE7E8 /* Packages */,
				B7579FAD2AE0D7E8005EE7E8 /* Products */,
			);
			sourceTree = "<group>";
		};
		B7579FAD2AE0D7E8005EE7E8 /* Products */ = {
			isa = PBXGroup;
			children = (
				B7579FAC2AE0D7E8005EE7E8 /* ForceDirectedGraph3D.app */,
			);
			name = Products;
			sourceTree = "<group>";
		};
		B7579FAE2AE0D7E8005EE7E8 /* ForceDirectedGraph3D */ = {
			isa = PBXGroup;
			children = (
				B7579FB32AE0D7E8005EE7E8 /* ForceDirectedGraph3DApp.swift */,
				B7579FB52AE0D7E8005EE7E8 /* ContentView.swift */,
				B7579FB72AE0D7EB005EE7E8 /* Assets.xcassets */,
				B7579FB92AE0D7EB005EE7E8 /* Preview Content */,
			);
			path = ForceDirectedGraph3D;
			sourceTree = "<group>";
		};
		B7579FAF2AE0D7E8005EE7E8 /* Packages */ = {
			isa = PBXGroup;
			children = (
				B7579FB02AE0D7E8005EE7E8 /* RealityKitContent */,
			);
			path = Packages;
			sourceTree = "<group>";
		};
		B7579FB92AE0D7EB005EE7E8 /* Preview Content */ = {
			isa = PBXGroup;
			children = (
				B7579FBA2AE0D7EB005EE7E8 /* Preview Assets.xcassets */,
			);
			path = "Preview Content";
			sourceTree = "<group>";
		};
/* End PBXGroup section */

/* Begin PBXNativeTarget section */
		B7579FAB2AE0D7E8005EE7E8 /* ForceDirectedGraph3D */ = {
			isa = PBXNativeTarget;
			buildConfigurationList = B7579FBE2AE0D7EB005EE7E8 /* Build configuration list for PBXNativeTarget "ForceDirectedGraph3D" */;
			buildPhases = (
				B7579FA82AE0D7E8005EE7E8 /* Sources */,
				B7579FA92AE0D7E8005EE7E8 /* Frameworks */,
				B7579FAA2AE0D7E8005EE7E8 /* Resources */,
			);
			buildRules = (
			);
			dependencies = (
			);
			name = ForceDirectedGraph3D;
			packageProductDependencies = (
				B7579FB12AE0D7E8005EE7E8 /* RealityKitContent */,
			);
			productName = ForceDirectedGraph3D;
			productReference = B7579FAC2AE0D7E8005EE7E8 /* ForceDirectedGraph3D.app */;
			productType = "com.apple.product-type.application";
		};
/* End PBXNativeTarget section */

/* Begin PBXProject section */
		B7579FA42AE0D7E8005EE7E8 /* Project object */ = {
			isa = PBXProject;
			attributes = {
				BuildIndependentTargetsInParallel = 1;
				LastSwiftUpdateCheck = 1500;
				LastUpgradeCheck = 1500;
				TargetAttributes = {
					B7579FAB2AE0D7E8005EE7E8 = {
						CreatedOnToolsVersion = 15.0;
					};
				};
			};
			buildConfigurationList = B7579FA72AE0D7E8005EE7E8 /* Build configuration list for PBXProject "ForceDirectedGraph3D" */;
			compatibilityVersion = "Xcode 14.0";
			developmentRegion = en;
			hasScannedForEncodings = 0;
			knownRegions = (
				en,
				Base,
			);
			mainGroup = B7579FA32AE0D7E8005EE7E8;
			productRefGroup = B7579FAD2AE0D7E8005EE7E8 /* Products */;
			projectDirPath = "";
			projectRoot = "";
			targets = (
				B7579FAB2AE0D7E8005EE7E8 /* ForceDirectedGraph3D */,
			);
		};
/* End PBXProject section */

/* Begin PBXResourcesBuildPhase section */
		B7579FAA2AE0D7E8005EE7E8 /* Resources */ = {
			isa = PBXResourcesBuildPhase;
			buildActionMask = 2147483647;
			files = (
				B7579FBB2AE0D7EB005EE7E8 /* Preview Assets.xcassets in Resources */,
				B7579FB82AE0D7EB005EE7E8 /* Assets.xcassets in Resources */,
			);
			runOnlyForDeploymentPostprocessing = 0;
		};
/* End PBXResourcesBuildPhase section */

/* Begin PBXSourcesBuildPhase section */
		B7579FA82AE0D7E8005EE7E8 /* Sources */ = {
			isa = PBXSourcesBuildPhase;
			buildActionMask = 2147483647;
			files = (
				B7579FB62AE0D7E8005EE7E8 /* ContentView.swift in Sources */,
				B7579FB42AE0D7E8005EE7E8 /* ForceDirectedGraph3DApp.swift in Sources */,
			);
			runOnlyForDeploymentPostprocessing = 0;
		};
/* End PBXSourcesBuildPhase section */

/* Begin XCBuildConfiguration section */
		B7579FBC2AE0D7EB005EE7E8 /* Debug */ = {
			isa = XCBuildConfiguration;
			buildSettings = {
				ALWAYS_SEARCH_USER_PATHS = NO;
				ASSETCATALOG_COMPILER_GENERATE_SWIFT_ASSET_SYMBOL_EXTENSIONS = YES;
				CLANG_ANALYZER_NONNULL = YES;
				CLANG_ANALYZER_NUMBER_OBJECT_CONVERSION = YES_AGGRESSIVE;
				CLANG_CXX_LANGUAGE_STANDARD = "gnu++20";
				CLANG_ENABLE_MODULES = YES;
				CLANG_ENABLE_OBJC_ARC = YES;
				CLANG_ENABLE_OBJC_WEAK = YES;
				CLANG_WARN_BLOCK_CAPTURE_AUTORELEASING = YES;
				CLANG_WARN_BOOL_CONVERSION = YES;
				CLANG_WARN_COMMA = YES;
				CLANG_WARN_CONSTANT_CONVERSION = YES;
				CLANG_WARN_DEPRECATED_OBJC_IMPLEMENTATIONS = YES;
				CLANG_WARN_DIRECT_OBJC_ISA_USAGE = YES_ERROR;
				CLANG_WARN_DOCUMENTATION_COMMENTS = YES;
				CLANG_WARN_EMPTY_BODY = YES;
				CLANG_WARN_ENUM_CONVERSION = YES;
				CLANG_WARN_INFINITE_RECURSION = YES;
				CLANG_WARN_INT_CONVERSION = YES;
				CLANG_WARN_NON_LITERAL_NULL_CONVERSION = YES;
				CLANG_WARN_OBJC_IMPLICIT_RETAIN_SELF = YES;
				CLANG_WARN_OBJC_LITERAL_CONVERSION = YES;
				CLANG_WARN_OBJC_ROOT_CLASS = YES_ERROR;
				CLANG_WARN_QUOTED_INCLUDE_IN_FRAMEWORK_HEADER = YES;
				CLANG_WARN_RANGE_LOOP_ANALYSIS = YES;
				CLANG_WARN_STRICT_PROTOTYPES = YES;
				CLANG_WARN_SUSPICIOUS_MOVE = YES;
				CLANG_WARN_UNGUARDED_AVAILABILITY = YES_AGGRESSIVE;
				CLANG_WARN_UNREACHABLE_CODE = YES;
				CLANG_WARN__DUPLICATE_METHOD_MATCH = YES;
				COPY_PHASE_STRIP = NO;
				DEBUG_INFORMATION_FORMAT = dwarf;
				ENABLE_STRICT_OBJC_MSGSEND = YES;
				ENABLE_TESTABILITY = YES;
				ENABLE_USER_SCRIPT_SANDBOXING = YES;
				GCC_C_LANGUAGE_STANDARD = gnu17;
				GCC_DYNAMIC_NO_PIC = NO;
				GCC_NO_COMMON_BLOCKS = YES;
				GCC_OPTIMIZATION_LEVEL = 0;
				GCC_PREPROCESSOR_DEFINITIONS = (
					"DEBUG=1",
					"$(inherited)",
				);
				GCC_WARN_64_TO_32_BIT_CONVERSION = YES;
				GCC_WARN_ABOUT_RETURN_TYPE = YES_ERROR;
				GCC_WARN_UNDECLARED_SELECTOR = YES;
				GCC_WARN_UNINITIALIZED_AUTOS = YES_AGGRESSIVE;
				GCC_WARN_UNUSED_FUNCTION = YES;
				GCC_WARN_UNUSED_VARIABLE = YES;
				LOCALIZATION_PREFERS_STRING_CATALOGS = YES;
				MTL_ENABLE_DEBUG_INFO = INCLUDE_SOURCE;
				MTL_FAST_MATH = YES;
				ONLY_ACTIVE_ARCH = YES;
				SDKROOT = xros;
				SWIFT_ACTIVE_COMPILATION_CONDITIONS = "DEBUG $(inherited)";
				SWIFT_OPTIMIZATION_LEVEL = "-Onone";
				XROS_DEPLOYMENT_TARGET = 1.0;
			};
			name = Debug;
		};
		B7579FBD2AE0D7EB005EE7E8 /* Release */ = {
			isa = XCBuildConfiguration;
			buildSettings = {
				ALWAYS_SEARCH_USER_PATHS = NO;
				ASSETCATALOG_COMPILER_GENERATE_SWIFT_ASSET_SYMBOL_EXTENSIONS = YES;
				CLANG_ANALYZER_NONNULL = YES;
				CLANG_ANALYZER_NUMBER_OBJECT_CONVERSION = YES_AGGRESSIVE;
				CLANG_CXX_LANGUAGE_STANDARD = "gnu++20";
				CLANG_ENABLE_MODULES = YES;
				CLANG_ENABLE_OBJC_ARC = YES;
				CLANG_ENABLE_OBJC_WEAK = YES;
				CLANG_WARN_BLOCK_CAPTURE_AUTORELEASING = YES;
				CLANG_WARN_BOOL_CONVERSION = YES;
				CLANG_WARN_COMMA = YES;
				CLANG_WARN_CONSTANT_CONVERSION = YES;
				CLANG_WARN_DEPRECATED_OBJC_IMPLEMENTATIONS = YES;
				CLANG_WARN_DIRECT_OBJC_ISA_USAGE = YES_ERROR;
				CLANG_WARN_DOCUMENTATION_COMMENTS = YES;
				CLANG_WARN_EMPTY_BODY = YES;
				CLANG_WARN_ENUM_CONVERSION = YES;
				CLANG_WARN_INFINITE_RECURSION = YES;
				CLANG_WARN_INT_CONVERSION = YES;
				CLANG_WARN_NON_LITERAL_NULL_CONVERSION = YES;
				CLANG_WARN_OBJC_IMPLICIT_RETAIN_SELF = YES;
				CLANG_WARN_OBJC_LITERAL_CONVERSION = YES;
				CLANG_WARN_OBJC_ROOT_CLASS = YES_ERROR;
				CLANG_WARN_QUOTED_INCLUDE_IN_FRAMEWORK_HEADER = YES;
				CLANG_WARN_RANGE_LOOP_ANALYSIS = YES;
				CLANG_WARN_STRICT_PROTOTYPES = YES;
				CLANG_WARN_SUSPICIOUS_MOVE = YES;
				CLANG_WARN_UNGUARDED_AVAILABILITY = YES_AGGRESSIVE;
				CLANG_WARN_UNREACHABLE_CODE = YES;
				CLANG_WARN__DUPLICATE_METHOD_MATCH = YES;
				COPY_PHASE_STRIP = NO;
				DEBUG_INFORMATION_FORMAT = "dwarf-with-dsym";
				ENABLE_NS_ASSERTIONS = NO;
				ENABLE_STRICT_OBJC_MSGSEND = YES;
				ENABLE_USER_SCRIPT_SANDBOXING = YES;
				GCC_C_LANGUAGE_STANDARD = gnu17;
				GCC_NO_COMMON_BLOCKS = YES;
				GCC_WARN_64_TO_32_BIT_CONVERSION = YES;
				GCC_WARN_ABOUT_RETURN_TYPE = YES_ERROR;
				GCC_WARN_UNDECLARED_SELECTOR = YES;
				GCC_WARN_UNINITIALIZED_AUTOS = YES_AGGRESSIVE;
				GCC_WARN_UNUSED_FUNCTION = YES;
				GCC_WARN_UNUSED_VARIABLE = YES;
				LOCALIZATION_PREFERS_STRING_CATALOGS = YES;
				MTL_ENABLE_DEBUG_INFO = NO;
				MTL_FAST_MATH = YES;
				SDKROOT = xros;
				SWIFT_COMPILATION_MODE = wholemodule;
				VALIDATE_PRODUCT = YES;
				XROS_DEPLOYMENT_TARGET = 1.0;
			};
			name = Release;
		};
		B7579FBF2AE0D7EB005EE7E8 /* Debug */ = {
			isa = XCBuildConfiguration;
			buildSettings = {
				ASSETCATALOG_COMPILER_APPICON_NAME = AppIcon;
				ASSETCATALOG_COMPILER_GLOBAL_ACCENT_COLOR_NAME = AccentColor;
				CODE_SIGN_STYLE = Automatic;
				CURRENT_PROJECT_VERSION = 1;
				DEVELOPMENT_ASSET_PATHS = "\"ForceDirectedGraph3D/Preview Content\"";
				ENABLE_PREVIEWS = YES;
				GENERATE_INFOPLIST_FILE = YES;
				INFOPLIST_KEY_UIApplicationSceneManifest_Generation = YES;
				LD_RUNPATH_SEARCH_PATHS = (
					"$(inherited)",
					"@executable_path/Frameworks",
				);
				MARKETING_VERSION = 1.0;
				PRODUCT_BUNDLE_IDENTIFIER = me.lizhen.ForceDirectedGraph3D;
				PRODUCT_NAME = "$(TARGET_NAME)";
				SUPPORTED_PLATFORMS = "xros xrsimulator";
				SWIFT_EMIT_LOC_STRINGS = YES;
				SWIFT_VERSION = 5.0;
				TARGETED_DEVICE_FAMILY = "1,2,7";
			};
			name = Debug;
		};
		B7579FC02AE0D7EB005EE7E8 /* Release */ = {
			isa = XCBuildConfiguration;
			buildSettings = {
				ASSETCATALOG_COMPILER_APPICON_NAME = AppIcon;
				ASSETCATALOG_COMPILER_GLOBAL_ACCENT_COLOR_NAME = AccentColor;
				CODE_SIGN_STYLE = Automatic;
				CURRENT_PROJECT_VERSION = 1;
				DEVELOPMENT_ASSET_PATHS = "\"ForceDirectedGraph3D/Preview Content\"";
				ENABLE_PREVIEWS = YES;
				GENERATE_INFOPLIST_FILE = YES;
				INFOPLIST_KEY_UIApplicationSceneManifest_Generation = YES;
				LD_RUNPATH_SEARCH_PATHS = (
					"$(inherited)",
					"@executable_path/Frameworks",
				);
				MARKETING_VERSION = 1.0;
				PRODUCT_BUNDLE_IDENTIFIER = me.lizhen.ForceDirectedGraph3D;
				PRODUCT_NAME = "$(TARGET_NAME)";
				SUPPORTED_PLATFORMS = "xros xrsimulator";
				SWIFT_EMIT_LOC_STRINGS = YES;
				SWIFT_VERSION = 5.0;
				TARGETED_DEVICE_FAMILY = "1,2,7";
			};
			name = Release;
		};
/* End XCBuildConfiguration section */

/* Begin XCConfigurationList section */
		B7579FA72AE0D7E8005EE7E8 /* Build configuration list for PBXProject "ForceDirectedGraph3D" */ = {
			isa = XCConfigurationList;
			buildConfigurations = (
				B7579FBC2AE0D7EB005EE7E8 /* Debug */,
				B7579FBD2AE0D7EB005EE7E8 /* Release */,
			);
			defaultConfigurationIsVisible = 0;
			defaultConfigurationName = Release;
		};
		B7579FBE2AE0D7EB005EE7E8 /* Build configuration list for PBXNativeTarget "ForceDirectedGraph3D" */ = {
			isa = XCConfigurationList;
			buildConfigurations = (
				B7579FBF2AE0D7EB005EE7E8 /* Debug */,
				B7579FC02AE0D7EB005EE7E8 /* Release */,
			);
			defaultConfigurationIsVisible = 0;
			defaultConfigurationName = Release;
		};
/* End XCConfigurationList section */

/* Begin XCSwiftPackageProductDependency section */
		B7579FB12AE0D7E8005EE7E8 /* RealityKitContent */ = {
			isa = XCSwiftPackageProductDependency;
			productName = RealityKitContent;
		};
/* End XCSwiftPackageProductDependency section */
	};
	rootObject = B7579FA42AE0D7E8005EE7E8 /* Project object */;
}
